
Microsoft Visual Studio Solution File, Format Version 12.00
# Visual Studio Version 16
VisualStudioVersion = 16.0.29424.173
MinimumVisualStudioVersion = 10.0.40219.1
Project("{FAE04EC0-301F-11D3-BF4B-00C04F79EFBC}") = "Debugger_Tool", "Debugger_Tool.csproj", "{932191C9-53A0-4BB1-A011-A53E8751952E}"
EndProject
Global
	GlobalSection(SolutionConfigurationPlatforms) = preSolution
		Debug|Any CPU = Debug|Any CPU
		Release|Any CPU = Release|Any CPU
	EndGlobalSection
	GlobalSection(ProjectConfigurationPlatforms) = postSolution
		{932191C9-53A0-4BB1-A011-A53E8751952E}.Debug|Any CPU.ActiveCfg = Debug|Any CPU
		{932191C9-53A0-4BB1-A011-A53E8751952E}.Debug|Any CPU.Build.0 = Debug|Any CPU
		{932191C9-53A0-4BB1-A011-A53E8751952E}.Release|Any CPU.ActiveCfg = Release|Any CPU
		{932191C9-53A0-4BB1-A011-A53E8751952E}.Release|Any CPU.Build.0 = Release|Any CPU
	EndGlobalSection
	GlobalSection(SolutionProperties) = preSolution
		HideSolutionNode = FALSE
	EndGlobalSection
	GlobalSection(ExtensibilityGlobals) = postSolution
		SolutionGuid = {289DBD5B-A359-402A-9D73-44516076B1E7}
	EndGlobalSection
EndGlobal
